
Microsoft Visual Studio Solution File, Format Version 12.00
# Visual Studio 15
VisualStudioVersion = 15.0.28307.271
MinimumVisualStudioVersion = 10.0.40219.1
Project("{8BC9CEB8-8B4A-11D0-8D11-00A0C91BC942}") = "ECU_Mk1", "ECU_Mk1\ECU_Mk1.vcxproj", "{93D1952A-C50F-4B4E-987E-850502B0D526}"
EndProject
Project("{FAE04EC0-301F-11D3-BF4B-00C04F79EFBC}") = "Test", "Test\Test.csproj", "{C82B8C18-93CF-4D54-98CC-A3C23F947F4C}"
EndProject
Project("{FAE04EC0-301F-11D3-BF4B-00C04F79EFBC}") = "MapEdit", "MapEdit\MapEdit.csproj", "{C2D57876-1D71-40E9-94C3-6BDCD5375B63}"
EndProject
Global
	GlobalSection(SolutionConfigurationPlatforms) = preSolution
		Debug|Any CPU = Debug|Any CPU
		Debug|x64 = Debug|x64
		Release|Any CPU = Release|Any CPU
		Release|x64 = Release|x64
	EndGlobalSection
	GlobalSection(ProjectConfigurationPlatforms) = postSolution
		{93D1952A-C50F-4B4E-987E-850502B0D526}.Debug|Any CPU.ActiveCfg = Debug|Win32
		{93D1952A-C50F-4B4E-987E-850502B0D526}.Debug|x64.ActiveCfg = Debug|x64
		{93D1952A-C50F-4B4E-987E-850502B0D526}.Debug|x64.Build.0 = Debug|x64
		{93D1952A-C50F-4B4E-987E-850502B0D526}.Release|Any CPU.ActiveCfg = Release|Win32
		{93D1952A-C50F-4B4E-987E-850502B0D526}.Release|x64.ActiveCfg = Release|x64
		{93D1952A-C50F-4B4E-987E-850502B0D526}.Release|x64.Build.0 = Release|x64
		{C82B8C18-93CF-4D54-98CC-A3C23F947F4C}.Debug|Any CPU.ActiveCfg = Debug|Any CPU
		{C82B8C18-93CF-4D54-98CC-A3C23F947F4C}.Debug|Any CPU.Build.0 = Debug|Any CPU
		{C82B8C18-93CF-4D54-98CC-A3C23F947F4C}.Debug|x64.ActiveCfg = Debug|Any CPU
		{C82B8C18-93CF-4D54-98CC-A3C23F947F4C}.Debug|x64.Build.0 = Debug|Any CPU
		{C82B8C18-93CF-4D54-98CC-A3C23F947F4C}.Release|Any CPU.ActiveCfg = Release|Any CPU
		{C82B8C18-93CF-4D54-98CC-A3C23F947F4C}.Release|Any CPU.Build.0 = Release|Any CPU
		{C82B8C18-93CF-4D54-98CC-A3C23F947F4C}.Release|x64.ActiveCfg = Release|Any CPU
		{C82B8C18-93CF-4D54-98CC-A3C23F947F4C}.Release|x64.Build.0 = Release|Any CPU
		{C2D57876-1D71-40E9-94C3-6BDCD5375B63}.Debug|Any CPU.ActiveCfg = Debug|Any CPU
		{C2D57876-1D71-40E9-94C3-6BDCD5375B63}.Debug|Any CPU.Build.0 = Debug|Any CPU
		{C2D57876-1D71-40E9-94C3-6BDCD5375B63}.Debug|x64.ActiveCfg = Debug|Any CPU
		{C2D57876-1D71-40E9-94C3-6BDCD5375B63}.Debug|x64.Build.0 = Debug|Any CPU
		{C2D57876-1D71-40E9-94C3-6BDCD5375B63}.Release|Any CPU.ActiveCfg = Release|Any CPU
		{C2D57876-1D71-40E9-94C3-6BDCD5375B63}.Release|Any CPU.Build.0 = Release|Any CPU
		{C2D57876-1D71-40E9-94C3-6BDCD5375B63}.Release|x64.ActiveCfg = Release|Any CPU
		{C2D57876-1D71-40E9-94C3-6BDCD5375B63}.Release|x64.Build.0 = Release|Any CPU
	EndGlobalSection
	GlobalSection(SolutionProperties) = preSolution
		HideSolutionNode = FALSE
	EndGlobalSection
	GlobalSection(ExtensibilityGlobals) = postSolution
		SolutionGuid = {05A6176C-2095-4DD6-AEBE-BF0E1BAB595A}
	EndGlobalSection
EndGlobal
